
Microsoft Visual Studio Solution File, Format Version 12.00
# Visual Studio Version 17
VisualStudioVersion = 17.10.35122.118
MinimumVisualStudioVersion = 10.0.40219.1
Project("{FAE04EC0-301F-11D3-BF4B-00C04F79EFBC}") = "PROG2EVA1CValdiviaAParraGAvila", "PROG2EVA1CValdiviaAParraGAvila\PROG2EVA1CValdiviaAParraGAvila.csproj", "{BB1732CF-911A-41A3-8E27-DBCB0CEF8B31}"
EndProject
Global
	GlobalSection(SolutionConfigurationPlatforms) = preSolution
		Debug|Any CPU = Debug|Any CPU
		Release|Any CPU = Release|Any CPU
	EndGlobalSection
	GlobalSection(ProjectConfigurationPlatforms) = postSolution
		{BB1732CF-911A-41A3-8E27-DBCB0CEF8B31}.Debug|Any CPU.ActiveCfg = Debug|Any CPU
		{BB1732CF-911A-41A3-8E27-DBCB0CEF8B31}.Debug|Any CPU.Build.0 = Debug|Any CPU
		{BB1732CF-911A-41A3-8E27-DBCB0CEF8B31}.Release|Any CPU.ActiveCfg = Release|Any CPU
		{BB1732CF-911A-41A3-8E27-DBCB0CEF8B31}.Release|Any CPU.Build.0 = Release|Any CPU
	EndGlobalSection
	GlobalSection(SolutionProperties) = preSolution
		HideSolutionNode = FALSE
	EndGlobalSection
	GlobalSection(ExtensibilityGlobals) = postSolution
		SolutionGuid = {20342925-50E7-45AD-85D6-026F1D65CB0F}
	EndGlobalSection
EndGlobal
